
Microsoft Visual Studio Solution File, Format Version 12.00
# Visual Studio 15
VisualStudioVersion = 15.0.27428.2037
MinimumVisualStudioVersion = 10.0.40219.1
Project("{FAE04EC0-301F-11D3-BF4B-00C04F79EFBC}") = "ConsoleApp1", "ConsoleApp1\ConsoleApp1.csproj", "{5F1790F1-AB5B-43F5-9AB9-F6414235411D}"
EndProject
Project("{FAE04EC0-301F-11D3-BF4B-00C04F79EFBC}") = "ConsoleApp1Tests", "ConsoleApp1Tests\ConsoleApp1Tests.csproj", "{653D51B8-2D6E-49B9-BB73-A0D91B9D3F6A}"
EndProject
Global
	GlobalSection(SolutionConfigurationPlatforms) = preSolution
		Debug|Any CPU = Debug|Any CPU
		Release|Any CPU = Release|Any CPU
	EndGlobalSection
	GlobalSection(ProjectConfigurationPlatforms) = postSolution
		{5F1790F1-AB5B-43F5-9AB9-F6414235411D}.Debug|Any CPU.ActiveCfg = Debug|Any CPU
		{5F1790F1-AB5B-43F5-9AB9-F6414235411D}.Debug|Any CPU.Build.0 = Debug|Any CPU
		{5F1790F1-AB5B-43F5-9AB9-F6414235411D}.Release|Any CPU.ActiveCfg = Release|Any CPU
		{5F1790F1-AB5B-43F5-9AB9-F6414235411D}.Release|Any CPU.Build.0 = Release|Any CPU
		{653D51B8-2D6E-49B9-BB73-A0D91B9D3F6A}.Debug|Any CPU.ActiveCfg = Debug|Any CPU
		{653D51B8-2D6E-49B9-BB73-A0D91B9D3F6A}.Debug|Any CPU.Build.0 = Debug|Any CPU
		{653D51B8-2D6E-49B9-BB73-A0D91B9D3F6A}.Release|Any CPU.ActiveCfg = Release|Any CPU
		{653D51B8-2D6E-49B9-BB73-A0D91B9D3F6A}.Release|Any CPU.Build.0 = Release|Any CPU
	EndGlobalSection
	GlobalSection(SolutionProperties) = preSolution
		HideSolutionNode = FALSE
	EndGlobalSection
	GlobalSection(ExtensibilityGlobals) = postSolution
		SolutionGuid = {129388F9-3CED-4BD4-BEDA-77E6F3CBF94C}
	EndGlobalSection
EndGlobal
